
Microsoft Visual Studio Solution File, Format Version 12.00
# Visual Studio Version 17
VisualStudioVersion = 17.14.36301.6 d17.14
MinimumVisualStudioVersion = 10.0.40219.1
Project("{FAE04EC0-301F-11D3-BF4B-00C04F79EFBC}") = "FisAPI", "FisAPI\FisAPI.csproj", "{9973EFC0-53B7-4678-BE6A-EB5BB65AD476}"
EndProject
Global
	GlobalSection(SolutionConfigurationPlatforms) = preSolution
		Debug|Any CPU = Debug|Any CPU
		Release|Any CPU = Release|Any CPU
	EndGlobalSection
	GlobalSection(ProjectConfigurationPlatforms) = postSolution
		{9973EFC0-53B7-4678-BE6A-EB5BB65AD476}.Debug|Any CPU.ActiveCfg = Debug|Any CPU
		{9973EFC0-53B7-4678-BE6A-EB5BB65AD476}.Debug|Any CPU.Build.0 = Debug|Any CPU
		{9973EFC0-53B7-4678-BE6A-EB5BB65AD476}.Release|Any CPU.ActiveCfg = Release|Any CPU
		{9973EFC0-53B7-4678-BE6A-EB5BB65AD476}.Release|Any CPU.Build.0 = Release|Any CPU
	EndGlobalSection
	GlobalSection(SolutionProperties) = preSolution
		HideSolutionNode = FALSE
	EndGlobalSection
	GlobalSection(ExtensibilityGlobals) = postSolution
		SolutionGuid = {6E126BFB-F7A4-41DD-A664-39FD217AAEF1}
	EndGlobalSection
EndGlobal
